
Microsoft Visual Studio Solution File, Format Version 12.00
# Visual Studio Version 17
VisualStudioVersion = 17.6.33829.357
MinimumVisualStudioVersion = 10.0.40219.1
Project("{2150E333-8FDC-42A3-9474-1A3956D46DE8}") = "src", "src", "{EFD52FE9-BBD3-4F69-86CD-FC54F7433DCD}"
EndProject
Project("{2150E333-8FDC-42A3-9474-1A3956D46DE8}") = "core", "core", "{4BB823AA-4906-4CCB-976F-71F67D085E30}"
EndProject
Project("{2150E333-8FDC-42A3-9474-1A3956D46DE8}") = "myApp", "myApp", "{B27061B5-3EEB-4C65-9123-913285225CC0}"
EndProject
Project("{9A19103F-16F7-4668-BE54-9A1E7A4F7556}") = "Core.Application", "src\core\Core.Application\Core.Application.csproj", "{1252BF29-96E0-4D04-9E09-60B2B2F739A0}"
EndProject
Project("{FAE04EC0-301F-11D3-BF4B-00C04F79EFBC}") = "Core.CrossCuttingConcerns", "src\core\Core.CrossCuttingConcerns\Core.CrossCuttingConcerns.csproj", "{FD13756E-08BE-4C95-99FC-3BF1381CACD6}"
EndProject
Project("{FAE04EC0-301F-11D3-BF4B-00C04F79EFBC}") = "Core.Persistence", "src\core\Core.Persistence\Core.Persistence.csproj", "{B34EF0E1-70A8-42AF-A5E0-09270C205920}"
EndProject
Project("{FAE04EC0-301F-11D3-BF4B-00C04F79EFBC}") = "Core.Security", "src\core\Core.Security\Core.Security.csproj", "{A60B48CB-285A-433C-BD7B-842C2397A991}"
EndProject
Project("{FAE04EC0-301F-11D3-BF4B-00C04F79EFBC}") = "BusinessLayer", "src\myApp\BusinessLayer\BusinessLayer.csproj", "{D30997A9-AAB4-4A19-B04B-95FB02692AEE}"
EndProject
Project("{FAE04EC0-301F-11D3-BF4B-00C04F79EFBC}") = "DataAccessLayer", "src\myApp\DataAccessLayer\DataAccessLayer.csproj", "{7E7EC41D-5B13-40CA-B9F1-244DC3715CEE}"
EndProject
Project("{FAE04EC0-301F-11D3-BF4B-00C04F79EFBC}") = "EntitiesLayer", "src\myApp\EntitiesLayer\EntitiesLayer.csproj", "{766B5F05-8AC0-402F-B89F-797436B3B066}"
EndProject
Project("{FAE04EC0-301F-11D3-BF4B-00C04F79EFBC}") = "WebAPI", "src\myApp\WebAPI\WebAPI.csproj", "{BCF047C5-2737-4BED-91CF-51FC00E6C551}"
EndProject
Global
	GlobalSection(SolutionConfigurationPlatforms) = preSolution
		Debug|Any CPU = Debug|Any CPU
		Release|Any CPU = Release|Any CPU
	EndGlobalSection
	GlobalSection(ProjectConfigurationPlatforms) = postSolution
		{1252BF29-96E0-4D04-9E09-60B2B2F739A0}.Debug|Any CPU.ActiveCfg = Debug|Any CPU
		{1252BF29-96E0-4D04-9E09-60B2B2F739A0}.Debug|Any CPU.Build.0 = Debug|Any CPU
		{1252BF29-96E0-4D04-9E09-60B2B2F739A0}.Release|Any CPU.ActiveCfg = Release|Any CPU
		{1252BF29-96E0-4D04-9E09-60B2B2F739A0}.Release|Any CPU.Build.0 = Release|Any CPU
		{FD13756E-08BE-4C95-99FC-3BF1381CACD6}.Debug|Any CPU.ActiveCfg = Debug|Any CPU
		{FD13756E-08BE-4C95-99FC-3BF1381CACD6}.Debug|Any CPU.Build.0 = Debug|Any CPU
		{FD13756E-08BE-4C95-99FC-3BF1381CACD6}.Release|Any CPU.ActiveCfg = Release|Any CPU
		{FD13756E-08BE-4C95-99FC-3BF1381CACD6}.Release|Any CPU.Build.0 = Release|Any CPU
		{B34EF0E1-70A8-42AF-A5E0-09270C205920}.Debug|Any CPU.ActiveCfg = Debug|Any CPU
		{B34EF0E1-70A8-42AF-A5E0-09270C205920}.Debug|Any CPU.Build.0 = Debug|Any CPU
		{B34EF0E1-70A8-42AF-A5E0-09270C205920}.Release|Any CPU.ActiveCfg = Release|Any CPU
		{B34EF0E1-70A8-42AF-A5E0-09270C205920}.Release|Any CPU.Build.0 = Release|Any CPU
		{A60B48CB-285A-433C-BD7B-842C2397A991}.Debug|Any CPU.ActiveCfg = Debug|Any CPU
		{A60B48CB-285A-433C-BD7B-842C2397A991}.Debug|Any CPU.Build.0 = Debug|Any CPU
		{A60B48CB-285A-433C-BD7B-842C2397A991}.Release|Any CPU.ActiveCfg = Release|Any CPU
		{A60B48CB-285A-433C-BD7B-842C2397A991}.Release|Any CPU.Build.0 = Release|Any CPU
		{D30997A9-AAB4-4A19-B04B-95FB02692AEE}.Debug|Any CPU.ActiveCfg = Debug|Any CPU
		{D30997A9-AAB4-4A19-B04B-95FB02692AEE}.Debug|Any CPU.Build.0 = Debug|Any CPU
		{D30997A9-AAB4-4A19-B04B-95FB02692AEE}.Release|Any CPU.ActiveCfg = Release|Any CPU
		{D30997A9-AAB4-4A19-B04B-95FB02692AEE}.Release|Any CPU.Build.0 = Release|Any CPU
		{7E7EC41D-5B13-40CA-B9F1-244DC3715CEE}.Debug|Any CPU.ActiveCfg = Debug|Any CPU
		{7E7EC41D-5B13-40CA-B9F1-244DC3715CEE}.Debug|Any CPU.Build.0 = Debug|Any CPU
		{7E7EC41D-5B13-40CA-B9F1-244DC3715CEE}.Release|Any CPU.ActiveCfg = Release|Any CPU
		{7E7EC41D-5B13-40CA-B9F1-244DC3715CEE}.Release|Any CPU.Build.0 = Release|Any CPU
		{766B5F05-8AC0-402F-B89F-797436B3B066}.Debug|Any CPU.ActiveCfg = Debug|Any CPU
		{766B5F05-8AC0-402F-B89F-797436B3B066}.Debug|Any CPU.Build.0 = Debug|Any CPU
		{766B5F05-8AC0-402F-B89F-797436B3B066}.Release|Any CPU.ActiveCfg = Release|Any CPU
		{766B5F05-8AC0-402F-B89F-797436B3B066}.Release|Any CPU.Build.0 = Release|Any CPU
		{BCF047C5-2737-4BED-91CF-51FC00E6C551}.Debug|Any CPU.ActiveCfg = Debug|Any CPU
		{BCF047C5-2737-4BED-91CF-51FC00E6C551}.Debug|Any CPU.Build.0 = Debug|Any CPU
		{BCF047C5-2737-4BED-91CF-51FC00E6C551}.Release|Any CPU.ActiveCfg = Release|Any CPU
		{BCF047C5-2737-4BED-91CF-51FC00E6C551}.Release|Any CPU.Build.0 = Release|Any CPU
	EndGlobalSection
	GlobalSection(SolutionProperties) = preSolution
		HideSolutionNode = FALSE
	EndGlobalSection
	GlobalSection(NestedProjects) = preSolution
		{4BB823AA-4906-4CCB-976F-71F67D085E30} = {EFD52FE9-BBD3-4F69-86CD-FC54F7433DCD}
		{B27061B5-3EEB-4C65-9123-913285225CC0} = {EFD52FE9-BBD3-4F69-86CD-FC54F7433DCD}
		{1252BF29-96E0-4D04-9E09-60B2B2F739A0} = {4BB823AA-4906-4CCB-976F-71F67D085E30}
		{FD13756E-08BE-4C95-99FC-3BF1381CACD6} = {4BB823AA-4906-4CCB-976F-71F67D085E30}
		{B34EF0E1-70A8-42AF-A5E0-09270C205920} = {4BB823AA-4906-4CCB-976F-71F67D085E30}
		{A60B48CB-285A-433C-BD7B-842C2397A991} = {4BB823AA-4906-4CCB-976F-71F67D085E30}
		{D30997A9-AAB4-4A19-B04B-95FB02692AEE} = {B27061B5-3EEB-4C65-9123-913285225CC0}
		{7E7EC41D-5B13-40CA-B9F1-244DC3715CEE} = {B27061B5-3EEB-4C65-9123-913285225CC0}
		{766B5F05-8AC0-402F-B89F-797436B3B066} = {B27061B5-3EEB-4C65-9123-913285225CC0}
		{BCF047C5-2737-4BED-91CF-51FC00E6C551} = {B27061B5-3EEB-4C65-9123-913285225CC0}
	EndGlobalSection
	GlobalSection(ExtensibilityGlobals) = postSolution
		SolutionGuid = {713245C9-5AD3-480D-99E5-AD7D9CBDDC04}
	EndGlobalSection
EndGlobal
