
Microsoft Visual Studio Solution File, Format Version 12.00
# Visual Studio Version 17
VisualStudioVersion = 17.6.33829.357
MinimumVisualStudioVersion = 10.0.40219.1
Project("{FAE04EC0-301F-11D3-BF4B-00C04F79EFBC}") = "Entities", "Entities\Entities.csproj", "{C8E2C936-A08A-44F6-83CF-DDBA58A4172B}"
EndProject
Project("{FAE04EC0-301F-11D3-BF4B-00C04F79EFBC}") = "DataAccess", "DataAccess\DataAccess.csproj", "{D7308F2F-6BF7-4CEB-857E-D209091B696F}"
EndProject
Project("{FAE04EC0-301F-11D3-BF4B-00C04F79EFBC}") = "Business", "Business\Business.csproj", "{B9C8C2C6-F73B-402F-B55A-03703ADC8772}"
EndProject
Project("{FAE04EC0-301F-11D3-BF4B-00C04F79EFBC}") = "Core", "Core\Core.csproj", "{49B7F0D6-A26D-45E9-A5B7-CFFC404301F8}"
EndProject
Project("{FAE04EC0-301F-11D3-BF4B-00C04F79EFBC}") = "WebAPI", "WebAPI\WebAPI.csproj", "{AC51D7F7-9986-44F9-857B-0C865216BE6D}"
EndProject
Global
	GlobalSection(SolutionConfigurationPlatforms) = preSolution
		Debug|Any CPU = Debug|Any CPU
		Release|Any CPU = Release|Any CPU
	EndGlobalSection
	GlobalSection(ProjectConfigurationPlatforms) = postSolution
		{C8E2C936-A08A-44F6-83CF-DDBA58A4172B}.Debug|Any CPU.ActiveCfg = Debug|Any CPU
		{C8E2C936-A08A-44F6-83CF-DDBA58A4172B}.Debug|Any CPU.Build.0 = Debug|Any CPU
		{C8E2C936-A08A-44F6-83CF-DDBA58A4172B}.Release|Any CPU.ActiveCfg = Release|Any CPU
		{C8E2C936-A08A-44F6-83CF-DDBA58A4172B}.Release|Any CPU.Build.0 = Release|Any CPU
		{D7308F2F-6BF7-4CEB-857E-D209091B696F}.Debug|Any CPU.ActiveCfg = Debug|Any CPU
		{D7308F2F-6BF7-4CEB-857E-D209091B696F}.Debug|Any CPU.Build.0 = Debug|Any CPU
		{D7308F2F-6BF7-4CEB-857E-D209091B696F}.Release|Any CPU.ActiveCfg = Release|Any CPU
		{D7308F2F-6BF7-4CEB-857E-D209091B696F}.Release|Any CPU.Build.0 = Release|Any CPU
		{B9C8C2C6-F73B-402F-B55A-03703ADC8772}.Debug|Any CPU.ActiveCfg = Debug|Any CPU
		{B9C8C2C6-F73B-402F-B55A-03703ADC8772}.Debug|Any CPU.Build.0 = Debug|Any CPU
		{B9C8C2C6-F73B-402F-B55A-03703ADC8772}.Release|Any CPU.ActiveCfg = Release|Any CPU
		{B9C8C2C6-F73B-402F-B55A-03703ADC8772}.Release|Any CPU.Build.0 = Release|Any CPU
		{49B7F0D6-A26D-45E9-A5B7-CFFC404301F8}.Debug|Any CPU.ActiveCfg = Debug|Any CPU
		{49B7F0D6-A26D-45E9-A5B7-CFFC404301F8}.Debug|Any CPU.Build.0 = Debug|Any CPU
		{49B7F0D6-A26D-45E9-A5B7-CFFC404301F8}.Release|Any CPU.ActiveCfg = Release|Any CPU
		{49B7F0D6-A26D-45E9-A5B7-CFFC404301F8}.Release|Any CPU.Build.0 = Release|Any CPU
		{AC51D7F7-9986-44F9-857B-0C865216BE6D}.Debug|Any CPU.ActiveCfg = Debug|Any CPU
		{AC51D7F7-9986-44F9-857B-0C865216BE6D}.Debug|Any CPU.Build.0 = Debug|Any CPU
		{AC51D7F7-9986-44F9-857B-0C865216BE6D}.Release|Any CPU.ActiveCfg = Release|Any CPU
		{AC51D7F7-9986-44F9-857B-0C865216BE6D}.Release|Any CPU.Build.0 = Release|Any CPU
	EndGlobalSection
	GlobalSection(SolutionProperties) = preSolution
		HideSolutionNode = FALSE
	EndGlobalSection
	GlobalSection(ExtensibilityGlobals) = postSolution
		SolutionGuid = {7AC79770-2723-42F5-901A-1B1231246F38}
	EndGlobalSection
EndGlobal
